// !$*UTF8*$!
{
	archiveVersion = 1;
	classes = {
	};
	objectVersion = 46;
	objects = {

/* Begin PBXBuildFile section */
		0D0510EEF8CB6CCC30FC9AB1 /* Foundation.framework */ = {isa = PBXBuildFile; fileRef = 3AC1D5CF698909980E1D85D1; };
		0DAE26DAECF69CD2BC28ABC6 /* ComponentTemplates.xml */ = {isa = PBXBuildFile; fileRef = B09D7B39C82AE80308F8D80B; };
		0EFF6765972953ED7CEEC862 /* Main.cpp */ = {isa = PBXBuildFile; fileRef = 54A4DD4565AFC7BB3ABDBA86; };
		0F1CC56F839FD3EBDA5622EB /* include_juce_core.mm */ = {isa = PBXBuildFile; fileRef = 50658F7D9B4F411C6497AF3F; };
		11184990744676397549C897 /* Metal.framework */ = {isa = PBXBuildFile; fileRef = F9C75E0AFDE0092DA69614A3; settings = { ATTRIBUTES = (Weak, ); }; };
		1397490595E857E470581C32 /* insetTop.svg */ = {isa = PBXBuildFile; fileRef = FA68BC956B40F16BCA91B038; };
		1724542A8441DB90A86E58B9 /* BinaryData.cpp */ = {isa = PBXBuildFile; fileRef = 57D01CBFFE2DD87792D2FC33; };
		17C4DEE10E01AFDA738F803E /* delete.svg */ = {isa = PBXBuildFile; fileRef = CC68D34DC5E18F393DD43518; };
		18C2247CD9825F20057E6FF2 /* MetalKit.framework */ = {isa = PBXBuildFile; fileRef = BBB8FAB97D2FB4D8FCDBBC7C; settings = { ATTRIBUTES = (Weak, ); }; };
		275EDA159E7033C794DBCCBB /* include_juce_graphics_Harfbuzz.cpp */ = {isa = PBXBuildFile; fileRef = 36FB2B9687C2EBA1A44D9AEE; };
		313DEE2B980FE47323FB4285 /* download.svg */ = {isa = PBXBuildFile; fileRef = 15EF52A96BB0CD91151D2C77; };
		3747CF714809E51CDB6695EE /* widgets.svg */ = {isa = PBXBuildFile; fileRef = 5C0CE05BBC051B85DB5B5559; };
		3C635FBBD4B4BCAB451A5F80 /* IOKit.framework */ = {isa = PBXBuildFile; fileRef = 7366DD5272BB57029A9186FE; };
		3D9D25B4DCAD168DEC83B6B0 /* Cocoa.framework */ = {isa = PBXBuildFile; fileRef = 3341671124AC7714F99BCBBC; };
		3E5D7298F6E710B5FDE6CB3D /* insetRight.svg */ = {isa = PBXBuildFile; fileRef = F4AFFACBC099FF282E1ABCD3; };
		600B1F230A284FE47FEF8EE8 /* MyRelativeCoordinatePositioner.cpp */ = {isa = PBXBuildFile; fileRef = 10B1860B2BEEAA2B7789A853; };
		6EF7AFCBBBBE99D6DE87B40B /* insetLeft.svg */ = {isa = PBXBuildFile; fileRef = 8F0FBFCD8C9AA8FE2659992E; };
		6FFD8F3C5D189306DCFFE626 /* include_juce_graphics.mm */ = {isa = PBXBuildFile; fileRef = 7019660A8E5D5077F88C38EB; };
		76544CFE389B297562FAAD1F /* include_juce_events.mm */ = {isa = PBXBuildFile; fileRef = 3EB4AB8626E694E7B9B2994D; };
		799329291651632D25128454 /* MainComponent.cpp */ = {isa = PBXBuildFile; fileRef = 993EEA814BF16CAC888524A9; };
		88165CFCFD79C5031726896C /* include_juce_gui_basics.mm */ = {isa = PBXBuildFile; fileRef = 7829A1D1B629A675861037A7; };
		8C273B7D2D775660A9E489A5 /* PJNotifier.cpp */ = {isa = PBXBuildFile; fileRef = BF46ABF78578C4AA2DF3D0BF; };
		9E83AB1C0794F4205BA930A0 /* MyComponentBuilder.cpp */ = {isa = PBXBuildFile; fileRef = 43D22CA898541A4A984B6026; };
		A06537A30C0D0CF441CEA658 /* RecentFilesMenuTemplate.nib */ = {isa = PBXBuildFile; fileRef = 9B3A7742C73042353F310BEB; };
		AAC981B3BE03C22EAF535CF7 /* insetBottom.svg */ = {isa = PBXBuildFile; fileRef = F9073FF126163ADB51CEA02E; };
		BCA4DBF9EFCBC353C3F8BAA9 /* include_juce_data_structures.mm */ = {isa = PBXBuildFile; fileRef = A797AFFEC80EAA6F33BCA503; };
		BDAF3BFF38CD5C748A46A61E /* Security.framework */ = {isa = PBXBuildFile; fileRef = 455AB18848EF073D529979B2; };
		C9FC99C6CB2AE7781BB2383D /* include_juce_gui_extra.mm */ = {isa = PBXBuildFile; fileRef = 4C7CD8B417CC44D0DB3B06A7; };
		CDCDB2A27039CB5E29129169 /* QuartzCore.framework */ = {isa = PBXBuildFile; fileRef = 8FD8DEEF1984AE27ACB16D74; };
		DD1AA9C8F9EEB6BF9E53AFCC /* include_juce_graphics_Sheenbidi.c */ = {isa = PBXBuildFile; fileRef = 5155AF6ED5DA3C6A497A7544; };
		E7AF843FC959C55CAC7EACB9 /* include_melatonin_inspector.cpp */ = {isa = PBXBuildFile; fileRef = CB8D7ABB89098CAE2B39DA6F; };
		EC2225A60ECF8EBD8DF2E39A /* include_juce_core_CompilationTime.cpp */ = {isa = PBXBuildFile; fileRef = D3E174E549DDC00C32725BF7; };
		F0A878472B7774A9C604241B /* App */ = {isa = PBXBuildFile; fileRef = DFCEE13EBBDF444506627BCE; };
		F4DF32563BEC1116DF52B50E /* WebKit.framework */ = {isa = PBXBuildFile; fileRef = FBB73F54127BB10BE2114EDD; };
/* End PBXBuildFile section */

/* Begin PBXFileReference section */
		069CEFBB5AE442984CD5AC40 /* juce_data_structures */ /* juce_data_structures */ = {isa = PBXFileReference; lastKnownFileType = folder; name = juce_data_structures; path = /Users/zilberstein/projects/JUCE/modules/juce_data_structures; sourceTree = "<absolute>"; };
		10B1860B2BEEAA2B7789A853 /* MyRelativeCoordinatePositioner.cpp */ /* MyRelativeCoordinatePositioner.cpp */ = {isa = PBXFileReference; lastKnownFileType = sourcecode.cpp.cpp; name = MyRelativeCoordinatePositioner.cpp; path = ../../Source/melatonin/MyRelativeCoordinatePositioner.cpp; sourceTree = SOURCE_ROOT; };
		15EF52A96BB0CD91151D2C77 /* download.svg */ /* download.svg */ = {isa = PBXFileReference; lastKnownFileType = file.svg; name = download.svg; path = ../../Source/melatonin/resources/download.svg; sourceTree = SOURCE_ROOT; };
		1D4E98D9D529159063DE88A4 /* juce_gui_extra */ /* juce_gui_extra */ = {isa = PBXFileReference; lastKnownFileType = folder; name = juce_gui_extra; path = /Users/zilberstein/projects/JUCE/modules/juce_gui_extra; sourceTree = "<absolute>"; };
		1DE0797B7588100C5704E44D /* melatonin_inspector */ /* melatonin_inspector */ = {isa = PBXFileReference; lastKnownFileType = folder; name = melatonin_inspector; path = ../../modules/melatonin_inspector; sourceTree = SOURCE_ROOT; };
		3341671124AC7714F99BCBBC /* Cocoa.framework */ /* Cocoa.framework */ = {isa = PBXFileReference; lastKnownFileType = wrapper.framework; name = Cocoa.framework; path = System/Library/Frameworks/Cocoa.framework; sourceTree = SDKROOT; };
		36FB2B9687C2EBA1A44D9AEE /* include_juce_graphics_Harfbuzz.cpp */ /* include_juce_graphics_Harfbuzz.cpp */ = {isa = PBXFileReference; lastKnownFileType = sourcecode.cpp.cpp; name = include_juce_graphics_Harfbuzz.cpp; path = ../../JuceLibraryCode/include_juce_graphics_Harfbuzz.cpp; sourceTree = SOURCE_ROOT; };
		3AC1D5CF698909980E1D85D1 /* Foundation.framework */ /* Foundation.framework */ = {isa = PBXFileReference; lastKnownFileType = wrapper.framework; name = Foundation.framework; path = System/Library/Frameworks/Foundation.framework; sourceTree = SDKROOT; };
		3EB4AB8626E694E7B9B2994D /* include_juce_events.mm */ /* include_juce_events.mm */ = {isa = PBXFileReference; lastKnownFileType = sourcecode.cpp.objcpp; name = include_juce_events.mm; path = ../../JuceLibraryCode/include_juce_events.mm; sourceTree = SOURCE_ROOT; };
		43D22CA898541A4A984B6026 /* MyComponentBuilder.cpp */ /* MyComponentBuilder.cpp */ = {isa = PBXFileReference; lastKnownFileType = sourcecode.cpp.cpp; name = MyComponentBuilder.cpp; path = ../../Source/melatonin/MyComponentBuilder.cpp; sourceTree = SOURCE_ROOT; };
		455AB18848EF073D529979B2 /* Security.framework */ /* Security.framework */ = {isa = PBXFileReference; lastKnownFileType = wrapper.framework; name = Security.framework; path = System/Library/Frameworks/Security.framework; sourceTree = SDKROOT; };
		4C7CD8B417CC44D0DB3B06A7 /* include_juce_gui_extra.mm */ /* include_juce_gui_extra.mm */ = {isa = PBXFileReference; lastKnownFileType = sourcecode.cpp.objcpp; name = include_juce_gui_extra.mm; path = ../../JuceLibraryCode/include_juce_gui_extra.mm; sourceTree = SOURCE_ROOT; };
		50658F7D9B4F411C6497AF3F /* include_juce_core.mm */ /* include_juce_core.mm */ = {isa = PBXFileReference; lastKnownFileType = sourcecode.cpp.objcpp; name = include_juce_core.mm; path = ../../JuceLibraryCode/include_juce_core.mm; sourceTree = SOURCE_ROOT; };
		5155AF6ED5DA3C6A497A7544 /* include_juce_graphics_Sheenbidi.c */ /* include_juce_graphics_Sheenbidi.c */ = {isa = PBXFileReference; lastKnownFileType = sourcecode.c.c; name = include_juce_graphics_Sheenbidi.c; path = ../../JuceLibraryCode/include_juce_graphics_Sheenbidi.c; sourceTree = SOURCE_ROOT; };
		54A4DD4565AFC7BB3ABDBA86 /* Main.cpp */ /* Main.cpp */ = {isa = PBXFileReference; lastKnownFileType = sourcecode.cpp.cpp; name = Main.cpp; path = ../../Source/Main.cpp; sourceTree = SOURCE_ROOT; };
		57D01CBFFE2DD87792D2FC33 /* BinaryData.cpp */ /* BinaryData.cpp */ = {isa = PBXFileReference; lastKnownFileType = sourcecode.cpp.cpp; name = BinaryData.cpp; path = ../../JuceLibraryCode/BinaryData.cpp; sourceTree = SOURCE_ROOT; };
		5C0CE05BBC051B85DB5B5559 /* widgets.svg */ /* widgets.svg */ = {isa = PBXFileReference; lastKnownFileType = file.svg; name = widgets.svg; path = ../../Source/melatonin/resources/widgets.svg; sourceTree = SOURCE_ROOT; };
		5F0F366F448757E52A46AE9B /* juce_core */ /* juce_core */ = {isa = PBXFileReference; lastKnownFileType = folder; name = juce_core; path = /Users/zilberstein/projects/JUCE/modules/juce_core; sourceTree = "<absolute>"; };
		7019660A8E5D5077F88C38EB /* include_juce_graphics.mm */ /* include_juce_graphics.mm */ = {isa = PBXFileReference; lastKnownFileType = sourcecode.cpp.objcpp; name = include_juce_graphics.mm; path = ../../JuceLibraryCode/include_juce_graphics.mm; sourceTree = SOURCE_ROOT; };
		7366DD5272BB57029A9186FE /* IOKit.framework */ /* IOKit.framework */ = {isa = PBXFileReference; lastKnownFileType = wrapper.framework; name = IOKit.framework; path = System/Library/Frameworks/IOKit.framework; sourceTree = SDKROOT; };
		7829A1D1B629A675861037A7 /* include_juce_gui_basics.mm */ /* include_juce_gui_basics.mm */ = {isa = PBXFileReference; lastKnownFileType = sourcecode.cpp.objcpp; name = include_juce_gui_basics.mm; path = ../../JuceLibraryCode/include_juce_gui_basics.mm; sourceTree = SOURCE_ROOT; };
		854CE1B97B35EBB6374AC856 /* json.hpp */ /* json.hpp */ = {isa = PBXFileReference; lastKnownFileType = sourcecode.c.h; name = json.hpp; path = ../../Source/nlohmann/json.hpp; sourceTree = SOURCE_ROOT; };
		8F0FBFCD8C9AA8FE2659992E /* insetLeft.svg */ /* insetLeft.svg */ = {isa = PBXFileReference; lastKnownFileType = file.svg; name = insetLeft.svg; path = ../../Source/melatonin/resources/insetLeft.svg; sourceTree = SOURCE_ROOT; };
		8FD8DEEF1984AE27ACB16D74 /* QuartzCore.framework */ /* QuartzCore.framework */ = {isa = PBXFileReference; lastKnownFileType = wrapper.framework; name = QuartzCore.framework; path = System/Library/Frameworks/QuartzCore.framework; sourceTree = SDKROOT; };
		93AA9795DFD81D7DBAFB803E /* juce_events */ /* juce_events */ = {isa = PBXFileReference; lastKnownFileType = folder; name = juce_events; path = /Users/zilberstein/projects/JUCE/modules/juce_events; sourceTree = "<absolute>"; };
		93F76B80E91AE9905B7021D8 /* BinaryData.h */ /* BinaryData.h */ = {isa = PBXFileReference; lastKnownFileType = sourcecode.c.h; name = BinaryData.h; path = ../../JuceLibraryCode/BinaryData.h; sourceTree = SOURCE_ROOT; };
		9605EC0C33F8C9192924CE0C /* juce_gui_basics */ /* juce_gui_basics */ = {isa = PBXFileReference; lastKnownFileType = folder; name = juce_gui_basics; path = /Users/zilberstein/projects/JUCE/modules/juce_gui_basics; sourceTree = "<absolute>"; };
		993EEA814BF16CAC888524A9 /* MainComponent.cpp */ /* MainComponent.cpp */ = {isa = PBXFileReference; lastKnownFileType = sourcecode.cpp.cpp; name = MainComponent.cpp; path = ../../Source/MainComponent.cpp; sourceTree = SOURCE_ROOT; };
		9B3A7742C73042353F310BEB /* RecentFilesMenuTemplate.nib */ /* RecentFilesMenuTemplate.nib */ = {isa = PBXFileReference; lastKnownFileType = file.nib; name = RecentFilesMenuTemplate.nib; path = RecentFilesMenuTemplate.nib; sourceTree = SOURCE_ROOT; };
		A50BB1C9E5AF9E9080092ABB /* MyComponentBuilder.hpp */ /* MyComponentBuilder.hpp */ = {isa = PBXFileReference; lastKnownFileType = sourcecode.c.h; name = MyComponentBuilder.hpp; path = ../../Source/melatonin/MyComponentBuilder.hpp; sourceTree = SOURCE_ROOT; };
		A797AFFEC80EAA6F33BCA503 /* include_juce_data_structures.mm */ /* include_juce_data_structures.mm */ = {isa = PBXFileReference; lastKnownFileType = sourcecode.cpp.objcpp; name = include_juce_data_structures.mm; path = ../../JuceLibraryCode/include_juce_data_structures.mm; sourceTree = SOURCE_ROOT; };
		B09D7B39C82AE80308F8D80B /* ComponentTemplates.xml */ /* ComponentTemplates.xml */ = {isa = PBXFileReference; lastKnownFileType = file.xml; name = ComponentTemplates.xml; path = ../../Source/ComponentTemplates.xml; sourceTree = SOURCE_ROOT; };
		BBB8FAB97D2FB4D8FCDBBC7C /* MetalKit.framework */ /* MetalKit.framework */ = {isa = PBXFileReference; lastKnownFileType = wrapper.framework; name = MetalKit.framework; path = System/Library/Frameworks/MetalKit.framework; sourceTree = SDKROOT; };
		BF46ABF78578C4AA2DF3D0BF /* PJNotifier.cpp */ /* PJNotifier.cpp */ = {isa = PBXFileReference; lastKnownFileType = sourcecode.cpp.cpp; name = PJNotifier.cpp; path = ../../Source/PJNotifier.cpp; sourceTree = SOURCE_ROOT; };
		C837340E8683006B542C495D /* MainComponent.h */ /* MainComponent.h */ = {isa = PBXFileReference; lastKnownFileType = sourcecode.c.h; name = MainComponent.h; path = ../../Source/MainComponent.h; sourceTree = SOURCE_ROOT; };
		CB8D7ABB89098CAE2B39DA6F /* include_melatonin_inspector.cpp */ /* include_melatonin_inspector.cpp */ = {isa = PBXFileReference; lastKnownFileType = sourcecode.cpp.cpp; name = include_melatonin_inspector.cpp; path = ../../JuceLibraryCode/include_melatonin_inspector.cpp; sourceTree = SOURCE_ROOT; };
		CC68D34DC5E18F393DD43518 /* delete.svg */ /* delete.svg */ = {isa = PBXFileReference; lastKnownFileType = file.svg; name = delete.svg; path = ../../Source/melatonin/resources/delete.svg; sourceTree = SOURCE_ROOT; };
		CE2F19200E8FE7D152B87E10 /* Info-App.plist */ /* Info-App.plist */ = {isa = PBXFileReference; lastKnownFileType = text.plist.xml; name = "Info-App.plist"; path = "Info-App.plist"; sourceTree = SOURCE_ROOT; };
		D3E174E549DDC00C32725BF7 /* include_juce_core_CompilationTime.cpp */ /* include_juce_core_CompilationTime.cpp */ = {isa = PBXFileReference; lastKnownFileType = sourcecode.cpp.cpp; name = include_juce_core_CompilationTime.cpp; path = ../../JuceLibraryCode/include_juce_core_CompilationTime.cpp; sourceTree = SOURCE_ROOT; };
		D7DBAFBC2C85EA88E6B2B317 /* PJNotifier.hpp */ /* PJNotifier.hpp */ = {isa = PBXFileReference; lastKnownFileType = sourcecode.c.h; name = PJNotifier.hpp; path = ../../Source/PJNotifier.hpp; sourceTree = SOURCE_ROOT; };
		DFCEE13EBBDF444506627BCE /* App */ = {isa = PBXFileReference; explicitFileType = wrapper.application; includeInIndex = 0; path = NewProject.app; sourceTree = BUILT_PRODUCTS_DIR; };
		E1AD6F4F5536639D082D6BBB /* JuceHeader.h */ /* JuceHeader.h */ = {isa = PBXFileReference; lastKnownFileType = sourcecode.c.h; name = JuceHeader.h; path = ../../JuceLibraryCode/JuceHeader.h; sourceTree = SOURCE_ROOT; };
		E3539C2A8B6FB0B5BDBB7DE8 /* juce_graphics */ /* juce_graphics */ = {isa = PBXFileReference; lastKnownFileType = folder; name = juce_graphics; path = /Users/zilberstein/projects/JUCE/modules/juce_graphics; sourceTree = "<absolute>"; };
		F4AFFACBC099FF282E1ABCD3 /* insetRight.svg */ /* insetRight.svg */ = {isa = PBXFileReference; lastKnownFileType = file.svg; name = insetRight.svg; path = ../../Source/melatonin/resources/insetRight.svg; sourceTree = SOURCE_ROOT; };
		F9073FF126163ADB51CEA02E /* insetBottom.svg */ /* insetBottom.svg */ = {isa = PBXFileReference; lastKnownFileType = file.svg; name = insetBottom.svg; path = ../../Source/melatonin/resources/insetBottom.svg; sourceTree = SOURCE_ROOT; };
		F9C75E0AFDE0092DA69614A3 /* Metal.framework */ /* Metal.framework */ = {isa = PBXFileReference; lastKnownFileType = wrapper.framework; name = Metal.framework; path = System/Library/Frameworks/Metal.framework; sourceTree = SDKROOT; };
		FA68BC956B40F16BCA91B038 /* insetTop.svg */ /* insetTop.svg */ = {isa = PBXFileReference; lastKnownFileType = file.svg; name = insetTop.svg; path = ../../Source/melatonin/resources/insetTop.svg; sourceTree = SOURCE_ROOT; };
		FBB73F54127BB10BE2114EDD /* WebKit.framework */ /* WebKit.framework */ = {isa = PBXFileReference; lastKnownFileType = wrapper.framework; name = WebKit.framework; path = System/Library/Frameworks/WebKit.framework; sourceTree = SDKROOT; };
		FEDA4ADFFFB779B002326817 /* MyRelativeCoordinatePositioner.hpp */ /* MyRelativeCoordinatePositioner.hpp */ = {isa = PBXFileReference; lastKnownFileType = sourcecode.c.h; name = MyRelativeCoordinatePositioner.hpp; path = ../../Source/melatonin/MyRelativeCoordinatePositioner.hpp; sourceTree = SOURCE_ROOT; };
/* End PBXFileReference section */

/* Begin PBXFrameworksBuildPhase section */
		7FA2D8B5E684F9E1075DF0E7 = {
			isa = PBXFrameworksBuildPhase;
			buildActionMask = 2147483647;
			files = (
				3D9D25B4DCAD168DEC83B6B0,
				0D0510EEF8CB6CCC30FC9AB1,
				3C635FBBD4B4BCAB451A5F80,
				CDCDB2A27039CB5E29129169,
				BDAF3BFF38CD5C748A46A61E,
				F4DF32563BEC1116DF52B50E,
				11184990744676397549C897,
				18C2247CD9825F20057E6FF2,
			);
			runOnlyForDeploymentPostprocessing = 0;
		};
/* End PBXFrameworksBuildPhase section */

/* Begin PBXGroup section */
		2ABC82F1EC7859477555C950 /* JUCE Modules */ = {
			isa = PBXGroup;
			children = (
				5F0F366F448757E52A46AE9B,
				069CEFBB5AE442984CD5AC40,
				93AA9795DFD81D7DBAFB803E,
				E3539C2A8B6FB0B5BDBB7DE8,
				9605EC0C33F8C9192924CE0C,
				1D4E98D9D529159063DE88A4,
				1DE0797B7588100C5704E44D,
			);
			name = "JUCE Modules";
			sourceTree = "<group>";
		};
		34DC3BB4F91E175126E9CFEE /* Source */ = {
			isa = PBXGroup;
			children = (
				F2F187D4ED2E70AD464D8C3A,
				2ABC82F1EC7859477555C950,
				98587138825E6C7DCC44F856,
				779BEF33A64A5739C018CFC9,
				599A8FDDAFB9D54CE7180B0E,
				3907D74B702BFC8F1C5CFE9C,
			);
			name = Source;
			sourceTree = "<group>";
		};
		3907D74B702BFC8F1C5CFE9C /* Products */ = {
			isa = PBXGroup;
			children = (
				DFCEE13EBBDF444506627BCE,
			);
			name = Products;
			sourceTree = "<group>";
		};
		599A8FDDAFB9D54CE7180B0E /* Frameworks */ = {
			isa = PBXGroup;
			children = (
				3341671124AC7714F99BCBBC,
				3AC1D5CF698909980E1D85D1,
				7366DD5272BB57029A9186FE,
				8FD8DEEF1984AE27ACB16D74,
				455AB18848EF073D529979B2,
				FBB73F54127BB10BE2114EDD,
				F9C75E0AFDE0092DA69614A3,
				BBB8FAB97D2FB4D8FCDBBC7C,
			);
			name = Frameworks;
			sourceTree = "<group>";
		};
		61C28B34BDC41D1A14C5D41D /* Source */ = {
			isa = PBXGroup;
			children = (
				8F6D765598EEEB062C80020F,
				BF46ABF78578C4AA2DF3D0BF,
				D7DBAFBC2C85EA88E6B2B317,
				54A4DD4565AFC7BB3ABDBA86,
				C837340E8683006B542C495D,
				993EEA814BF16CAC888524A9,
			);
			name = Source;
			sourceTree = "<group>";
		};
		779BEF33A64A5739C018CFC9 /* Resources */ = {
			isa = PBXGroup;
			children = (
				CE2F19200E8FE7D152B87E10,
				9B3A7742C73042353F310BEB,
				F9073FF126163ADB51CEA02E,
				8F0FBFCD8C9AA8FE2659992E,
				F4AFFACBC099FF282E1ABCD3,
				FA68BC956B40F16BCA91B038,
				CC68D34DC5E18F393DD43518,
				15EF52A96BB0CD91151D2C77,
				5C0CE05BBC051B85DB5B5559,
				B09D7B39C82AE80308F8D80B,
			);
			name = Resources;
			sourceTree = "<group>";
		};
		880F96A2B31ECF32273C69BD /* melatonin */ = {
			isa = PBXGroup;
			children = (
				43D22CA898541A4A984B6026,
				A50BB1C9E5AF9E9080092ABB,
				10B1860B2BEEAA2B7789A853,
				FEDA4ADFFFB779B002326817,
			);
			name = melatonin;
			sourceTree = "<group>";
		};
		8F6D765598EEEB062C80020F /* nlohmann */ = {
			isa = PBXGroup;
			children = (
				854CE1B97B35EBB6374AC856,
			);
			name = nlohmann;
			sourceTree = "<group>";
		};
		98587138825E6C7DCC44F856 /* JUCE Library Code */ = {
			isa = PBXGroup;
			children = (
				57D01CBFFE2DD87792D2FC33,
				93F76B80E91AE9905B7021D8,
				50658F7D9B4F411C6497AF3F,
				D3E174E549DDC00C32725BF7,
				A797AFFEC80EAA6F33BCA503,
				3EB4AB8626E694E7B9B2994D,
				7019660A8E5D5077F88C38EB,
				36FB2B9687C2EBA1A44D9AEE,
				5155AF6ED5DA3C6A497A7544,
				7829A1D1B629A675861037A7,
				4C7CD8B417CC44D0DB3B06A7,
				CB8D7ABB89098CAE2B39DA6F,
				E1AD6F4F5536639D082D6BBB,
			);
			name = "JUCE Library Code";
			sourceTree = "<group>";
		};
		F2F187D4ED2E70AD464D8C3A /* melatonin_editdemo */ = {
			isa = PBXGroup;
			children = (
				880F96A2B31ECF32273C69BD,
				61C28B34BDC41D1A14C5D41D,
			);
			name = melatonin_editdemo;
			sourceTree = "<group>";
		};
/* End PBXGroup section */

/* Begin PBXNativeTarget section */
		ADCB991F8B16321F4F8AFADC /* melatonin_editdemo - App */ = {
			isa = PBXNativeTarget;
			buildConfigurationList = 88FA62134EEB3D76CFC531F8;
			buildPhases = (
				9A1B2BB158CE877DF94D6BF8,
				EB05FF70F4BE0A62F38EF944,
				7FA2D8B5E684F9E1075DF0E7,
			);
			buildRules = (
			);
			dependencies = (
			);
			name = "melatonin_editdemo - App";
			productName = melatonin_editdemo;
			productReference = DFCEE13EBBDF444506627BCE;
			productType = "com.apple.product-type.application";
		};
/* End PBXNativeTarget section */

/* Begin PBXProject section */
		C74EFF81F013BC521A4900DC = {
			isa = PBXProject;
			attributes = {
				BuildIndependentTargetsInParallel = YES;
				LastUpgradeCheck = 1340;
				ORGANIZATIONNAME = "";
				TargetAttributes = {
					ADCB991F8B16321F4F8AFADC = {
						SystemCapabilities = {
							com.apple.ApplicationGroups.iOS = {
								enabled = 0;
							};
							com.apple.HardenedRuntime = {
								enabled = 0;
							};
							com.apple.InAppPurchase = {
								enabled = 0;
							};
							com.apple.InterAppAudio = {
								enabled = 0;
							};
							com.apple.Push = {
								enabled = 0;
							};
							com.apple.Sandbox = {
								enabled = 0;
							};
						};
					};
				};
			};
			buildConfigurationList = A7ADE8BE3DD77E1ABF21EA51;
			compatibilityVersion = "Xcode 3.2";
			hasScannedForEncodings = 0;
			knownRegions = (
				en,
				Base,
			);
			mainGroup = 34DC3BB4F91E175126E9CFEE;
			projectDirPath = "";
			projectRoot = "";
			targets = (
				ADCB991F8B16321F4F8AFADC,
			);
		};
/* End PBXProject section */

/* Begin PBXResourcesBuildPhase section */
		9A1B2BB158CE877DF94D6BF8 = {
			isa = PBXResourcesBuildPhase;
			buildActionMask = 2147483647;
			files = (
				A06537A30C0D0CF441CEA658,
				AAC981B3BE03C22EAF535CF7,
				6EF7AFCBBBBE99D6DE87B40B,
				3E5D7298F6E710B5FDE6CB3D,
				1397490595E857E470581C32,
				17C4DEE10E01AFDA738F803E,
				313DEE2B980FE47323FB4285,
				3747CF714809E51CDB6695EE,
				0DAE26DAECF69CD2BC28ABC6,
			);
			runOnlyForDeploymentPostprocessing = 0;
		};
/* End PBXResourcesBuildPhase section */

/* Begin PBXSourcesBuildPhase section */
		EB05FF70F4BE0A62F38EF944 = {
			isa = PBXSourcesBuildPhase;
			buildActionMask = 2147483647;
			files = (
				9E83AB1C0794F4205BA930A0,
				600B1F230A284FE47FEF8EE8,
				8C273B7D2D775660A9E489A5,
				0EFF6765972953ED7CEEC862,
				799329291651632D25128454,
				1724542A8441DB90A86E58B9,
				0F1CC56F839FD3EBDA5622EB,
				EC2225A60ECF8EBD8DF2E39A,
				BCA4DBF9EFCBC353C3F8BAA9,
				76544CFE389B297562FAAD1F,
				6FFD8F3C5D189306DCFFE626,
				275EDA159E7033C794DBCCBB,
				DD1AA9C8F9EEB6BF9E53AFCC,
				88165CFCFD79C5031726896C,
				C9FC99C6CB2AE7781BB2383D,
				E7AF843FC959C55CAC7EACB9,
			);
			runOnlyForDeploymentPostprocessing = 0;
		};
/* End PBXSourcesBuildPhase section */

/* Begin XCBuildConfiguration section */
		14FF7ABE6053109B9084CE52 /* Debug */ = {
			isa = XCBuildConfiguration;
			buildSettings = {
				ALWAYS_SEARCH_USER_PATHS = NO;
				CLANG_ENABLE_OBJC_WEAK = YES;
				CLANG_WARN_BLOCK_CAPTURE_AUTORELEASING = YES;
				CLANG_WARN_BOOL_CONVERSION = YES;
				CLANG_WARN_COMMA = YES;
				CLANG_WARN_CONSTANT_CONVERSION = YES;
				CLANG_WARN_DEPRECATED_OBJC_IMPLEMENTATIONS = YES;
				CLANG_WARN_EMPTY_BODY = YES;
				CLANG_WARN_ENUM_CONVERSION = YES;
				CLANG_WARN_INFINITE_RECURSION = YES;
				CLANG_WARN_INT_CONVERSION = YES;
				CLANG_WARN_NON_LITERAL_NULL_CONVERSION = YES;
				CLANG_WARN_OBJC_IMPLICIT_RETAIN_SELF = YES;
				CLANG_WARN_OBJC_LITERAL_CONVERSION = YES;
				CLANG_WARN_RANGE_LOOP_ANALYSIS = YES;
				CLANG_WARN_STRICT_PROTOTYPES = YES;
				CLANG_WARN_SUSPICIOUS_MOVE = YES;
				CLANG_WARN_UNREACHABLE_CODE = YES;
				CLANG_WARN__DUPLICATE_METHOD_MATCH = YES;
				DEBUG_INFORMATION_FORMAT = dwarf;
				ENABLE_STRICT_OBJC_MSGSEND = YES;
				ENABLE_TESTABILITY = NO;
				GCC_C_LANGUAGE_STANDARD = c11;
				GCC_INLINES_ARE_PRIVATE_EXTERN = YES;
				GCC_MODEL_TUNING = G5;
				GCC_NO_COMMON_BLOCKS = YES;
				GCC_SYMBOLS_PRIVATE_EXTERN = YES;
				GCC_WARN_64_TO_32_BIT_CONVERSION = YES;
				GCC_WARN_ABOUT_RETURN_TYPE = YES;
				GCC_WARN_CHECK_SWITCH_STATEMENTS = YES;
				GCC_WARN_MISSING_PARENTHESES = YES;
				GCC_WARN_NON_VIRTUAL_DESTRUCTOR = YES;
				GCC_WARN_TYPECHECK_CALLS_TO_PRINTF = YES;
				GCC_WARN_UNDECLARED_SELECTOR = YES;
				GCC_WARN_UNINITIALIZED_AUTOS = YES;
				GCC_WARN_UNUSED_FUNCTION = YES;
				GCC_WARN_UNUSED_VARIABLE = YES;
				ONLY_ACTIVE_ARCH = YES;
				OTHER_CODE_SIGN_FLAGS = --timestamp;
				PRODUCT_NAME = "NewProject";
				SDKROOT = macosx;
				WARNING_CFLAGS = "-Wreorder";
				ZERO_LINK = NO;
			};
			name = Debug;
		};
		4BE88E6274007D5B73277780 /* Release */ = {
			isa = XCBuildConfiguration;
			buildSettings = {
				ALWAYS_SEARCH_USER_PATHS = NO;
				CLANG_ENABLE_OBJC_WEAK = YES;
				CLANG_WARN_BLOCK_CAPTURE_AUTORELEASING = YES;
				CLANG_WARN_BOOL_CONVERSION = YES;
				CLANG_WARN_COMMA = YES;
				CLANG_WARN_CONSTANT_CONVERSION = YES;
				CLANG_WARN_DEPRECATED_OBJC_IMPLEMENTATIONS = YES;
				CLANG_WARN_EMPTY_BODY = YES;
				CLANG_WARN_ENUM_CONVERSION = YES;
				CLANG_WARN_INFINITE_RECURSION = YES;
				CLANG_WARN_INT_CONVERSION = YES;
				CLANG_WARN_NON_LITERAL_NULL_CONVERSION = YES;
				CLANG_WARN_OBJC_IMPLICIT_RETAIN_SELF = YES;
				CLANG_WARN_OBJC_LITERAL_CONVERSION = YES;
				CLANG_WARN_RANGE_LOOP_ANALYSIS = YES;
				CLANG_WARN_STRICT_PROTOTYPES = YES;
				CLANG_WARN_SUSPICIOUS_MOVE = YES;
				CLANG_WARN_UNREACHABLE_CODE = YES;
				CLANG_WARN__DUPLICATE_METHOD_MATCH = YES;
				DEBUG_INFORMATION_FORMAT = dwarf;
				ENABLE_STRICT_OBJC_MSGSEND = YES;
				ENABLE_TESTABILITY = NO;
				GCC_C_LANGUAGE_STANDARD = c11;
				GCC_INLINES_ARE_PRIVATE_EXTERN = YES;
				GCC_MODEL_TUNING = G5;
				GCC_NO_COMMON_BLOCKS = YES;
				GCC_SYMBOLS_PRIVATE_EXTERN = YES;
				GCC_WARN_64_TO_32_BIT_CONVERSION = YES;
				GCC_WARN_ABOUT_RETURN_TYPE = YES;
				GCC_WARN_CHECK_SWITCH_STATEMENTS = YES;
				GCC_WARN_MISSING_PARENTHESES = YES;
				GCC_WARN_NON_VIRTUAL_DESTRUCTOR = YES;
				GCC_WARN_TYPECHECK_CALLS_TO_PRINTF = YES;
				GCC_WARN_UNDECLARED_SELECTOR = YES;
				GCC_WARN_UNINITIALIZED_AUTOS = YES;
				GCC_WARN_UNUSED_FUNCTION = YES;
				GCC_WARN_UNUSED_VARIABLE = YES;
				OTHER_CODE_SIGN_FLAGS = --timestamp;
				PRODUCT_NAME = "NewProject";
				SDKROOT = macosx;
				WARNING_CFLAGS = "-Wreorder";
				ZERO_LINK = NO;
			};
			name = Release;
		};
		6DE69BC2B0EB555476E41FE9 /* Debug */ = {
			isa = XCBuildConfiguration;
			buildSettings = {
				CLANG_CXX_LANGUAGE_STANDARD = "c++17";
				CLANG_CXX_LIBRARY = "libc++";
				CLANG_LINK_OBJC_RUNTIME = NO;
				COMBINE_HIDPI_IMAGES = YES;
				CONFIGURATION_BUILD_DIR = "$(PROJECT_DIR)/build/$(CONFIGURATION)";
				COPY_PHASE_STRIP = NO;
				EXCLUDED_ARCHS = "";
				GCC_DYNAMIC_NO_PIC = NO;
				GCC_OPTIMIZATION_LEVEL = 0;
				GCC_PREPROCESSOR_DEFINITIONS = (
					"_DEBUG=1",
					"DEBUG=1",
					"JUCE_PROJUCER_VERSION=0x80004",
					"JUCE_MODULE_AVAILABLE_juce_core=1",
					"JUCE_MODULE_AVAILABLE_juce_data_structures=1",
					"JUCE_MODULE_AVAILABLE_juce_events=1",
					"JUCE_MODULE_AVAILABLE_juce_graphics=1",
					"JUCE_MODULE_AVAILABLE_juce_gui_basics=1",
					"JUCE_MODULE_AVAILABLE_juce_gui_extra=1",
					"JUCE_MODULE_AVAILABLE_melatonin_inspector=1",
					"JUCE_GLOBAL_MODULE_SETTINGS_INCLUDED=1",
					"JUCE_STRICT_REFCOUNTEDPOINTER=1",
					"JUCE_STANDALONE_APPLICATION=1",
					"JUCE_MODAL_LOOPS_PERMITTED=1",
					"JUCER_XCODE_MAC_F6D2F4CF=1",
					"JUCE_APP_VERSION=1.0.0",
					"JUCE_APP_VERSION_HEX=0x10000",
					"JucePlugin_Build_VST=0",
					"JucePlugin_Build_VST3=0",
					"JucePlugin_Build_AU=0",
					"JucePlugin_Build_AUv3=0",
					"JucePlugin_Build_AAX=0",
					"JucePlugin_Build_Standalone=0",
					"JucePlugin_Build_Unity=0",
					"JucePlugin_Build_LV2=0",
				);
				GCC_VERSION = com.apple.compilers.llvm.clang.1_0;
				HEADER_SEARCH_PATHS = (
					"$(SRCROOT)/../../JuceLibraryCode",
					"/Users/zilberstein/projects/JUCE/modules",
					"$(SRCROOT)/../../modules",
					"$(inherited)",
				);
				INFOPLIST_FILE = Info-App.plist;
				INFOPLIST_PREPROCESS = NO;
				INSTALL_PATH = "$(HOME)/Applications";
				MACOSX_DEPLOYMENT_TARGET = 10.13;
				MTL_HEADER_SEARCH_PATHS = "$(SRCROOT)/../../JuceLibraryCode /Users/zilberstein/projects/JUCE/modules $(SRCROOT)/../../modules";
				PRODUCT_BUNDLE_IDENTIFIER = com.yourcompany.melatonin_editdemo;
				PRODUCT_NAME = "NewProject";
				USE_HEADERMAP = NO;
				VALID_ARCHS = "i386 x86_64 arm64 arm64e";
			};
			name = Debug;
		};
		C6F48A68E7D5C39114B9C0D1 /* Release */ = {
			isa = XCBuildConfiguration;
			buildSettings = {
				CLANG_CXX_LANGUAGE_STANDARD = "c++17";
				CLANG_CXX_LIBRARY = "libc++";
				CLANG_LINK_OBJC_RUNTIME = NO;
				COMBINE_HIDPI_IMAGES = YES;
				CONFIGURATION_BUILD_DIR = "$(PROJECT_DIR)/build/$(CONFIGURATION)";
				DEAD_CODE_STRIPPING = YES;
				EXCLUDED_ARCHS = "";
				GCC_GENERATE_DEBUGGING_SYMBOLS = NO;
				GCC_OPTIMIZATION_LEVEL = 3;
				GCC_PREPROCESSOR_DEFINITIONS = (
					"_NDEBUG=1",
					"NDEBUG=1",
					"JUCE_PROJUCER_VERSION=0x80004",
					"JUCE_MODULE_AVAILABLE_juce_core=1",
					"JUCE_MODULE_AVAILABLE_juce_data_structures=1",
					"JUCE_MODULE_AVAILABLE_juce_events=1",
					"JUCE_MODULE_AVAILABLE_juce_graphics=1",
					"JUCE_MODULE_AVAILABLE_juce_gui_basics=1",
					"JUCE_MODULE_AVAILABLE_juce_gui_extra=1",
					"JUCE_MODULE_AVAILABLE_melatonin_inspector=1",
					"JUCE_GLOBAL_MODULE_SETTINGS_INCLUDED=1",
					"JUCE_STRICT_REFCOUNTEDPOINTER=1",
					"JUCE_STANDALONE_APPLICATION=1",
					"JUCE_MODAL_LOOPS_PERMITTED=1",
					"JUCER_XCODE_MAC_F6D2F4CF=1",
					"JUCE_APP_VERSION=1.0.0",
					"JUCE_APP_VERSION_HEX=0x10000",
					"JucePlugin_Build_VST=0",
					"JucePlugin_Build_VST3=0",
					"JucePlugin_Build_AU=0",
					"JucePlugin_Build_AUv3=0",
					"JucePlugin_Build_AAX=0",
					"JucePlugin_Build_Standalone=0",
					"JucePlugin_Build_Unity=0",
					"JucePlugin_Build_LV2=0",
				);
				GCC_VERSION = com.apple.compilers.llvm.clang.1_0;
				HEADER_SEARCH_PATHS = (
					"$(SRCROOT)/../../JuceLibraryCode",
					"/Users/zilberstein/projects/JUCE/modules",
					"$(SRCROOT)/../../modules",
					"$(inherited)",
				);
				INFOPLIST_FILE = Info-App.plist;
				INFOPLIST_PREPROCESS = NO;
				INSTALL_PATH = "$(HOME)/Applications";
				LLVM_LTO = YES;
				MACOSX_DEPLOYMENT_TARGET = 10.13;
				MTL_HEADER_SEARCH_PATHS = "$(SRCROOT)/../../JuceLibraryCode /Users/zilberstein/projects/JUCE/modules $(SRCROOT)/../../modules";
				PRODUCT_BUNDLE_IDENTIFIER = com.yourcompany.melatonin_editdemo;
				PRODUCT_NAME = "NewProject";
				USE_HEADERMAP = NO;
				VALID_ARCHS = "i386 x86_64 arm64 arm64e";
			};
			name = Release;
		};
/* End XCBuildConfiguration section */

/* Begin XCConfigurationList section */
		88FA62134EEB3D76CFC531F8 = {
			isa = XCConfigurationList;
			buildConfigurations = (
				6DE69BC2B0EB555476E41FE9,
				C6F48A68E7D5C39114B9C0D1,
			);
			defaultConfigurationIsVisible = 0;
			defaultConfigurationName = Debug;
		};
		A7ADE8BE3DD77E1ABF21EA51 = {
			isa = XCConfigurationList;
			buildConfigurations = (
				14FF7ABE6053109B9084CE52,
				4BE88E6274007D5B73277780,
			);
			defaultConfigurationIsVisible = 0;
			defaultConfigurationName = Debug;
		};
/* End XCConfigurationList section */
	};
	rootObject = C74EFF81F013BC521A4900DC /* Project object */;
}
